
Microsoft Visual Studio Solution File, Format Version 12.00
# Visual Studio Version 16
VisualStudioVersion = 16.0.29503.13
MinimumVisualStudioVersion = 10.0.40219.1
Project("{FAE04EC0-301F-11D3-BF4B-00C04F79EFBC}") = "WebApplicationMVCSample", "WebApplicationMVCSample\WebApplicationMVCSample.csproj", "{1A1CFD5F-EACC-4013-8948-F97EDC8F5D62}"
EndProject
Project("{FAE04EC0-301F-11D3-BF4B-00C04F79EFBC}") = "GUITestSupport", "GUITestSupport\GUITestSupport.csproj", "{CD15EFF4-3925-4D3B-9FFA-DE537DBE8CCD}"
EndProject
Project("{FAE04EC0-301F-11D3-BF4B-00C04F79EFBC}") = "GUITestSupport.Test", "GUITestSupport.Test\GUITestSupport.Test.csproj", "{DEA4E155-EC04-41C9-B847-C85E23633AB3}"
EndProject
Project("{FAE04EC0-301F-11D3-BF4B-00C04F79EFBC}") = "WebApplicationMVCSample.CT", "WebApplicationMVCSample.CT\WebApplicationMVCSample.CT.csproj", "{598D9EA1-5BCE-46C9-BB9E-DC2C2BEE17DF}"
	ProjectSection(ProjectDependencies) = postProject
		{1A1CFD5F-EACC-4013-8948-F97EDC8F5D62} = {1A1CFD5F-EACC-4013-8948-F97EDC8F5D62}
	EndProjectSection
EndProject
Global
	GlobalSection(SolutionConfigurationPlatforms) = preSolution
		Debug|Any CPU = Debug|Any CPU
		Release|Any CPU = Release|Any CPU
	EndGlobalSection
	GlobalSection(ProjectConfigurationPlatforms) = postSolution
		{1A1CFD5F-EACC-4013-8948-F97EDC8F5D62}.Debug|Any CPU.ActiveCfg = Debug|Any CPU
		{1A1CFD5F-EACC-4013-8948-F97EDC8F5D62}.Debug|Any CPU.Build.0 = Debug|Any CPU
		{1A1CFD5F-EACC-4013-8948-F97EDC8F5D62}.Release|Any CPU.ActiveCfg = Release|Any CPU
		{1A1CFD5F-EACC-4013-8948-F97EDC8F5D62}.Release|Any CPU.Build.0 = Release|Any CPU
		{CD15EFF4-3925-4D3B-9FFA-DE537DBE8CCD}.Debug|Any CPU.ActiveCfg = Debug|Any CPU
		{CD15EFF4-3925-4D3B-9FFA-DE537DBE8CCD}.Debug|Any CPU.Build.0 = Debug|Any CPU
		{CD15EFF4-3925-4D3B-9FFA-DE537DBE8CCD}.Release|Any CPU.ActiveCfg = Release|Any CPU
		{CD15EFF4-3925-4D3B-9FFA-DE537DBE8CCD}.Release|Any CPU.Build.0 = Release|Any CPU
		{DEA4E155-EC04-41C9-B847-C85E23633AB3}.Debug|Any CPU.ActiveCfg = Debug|Any CPU
		{DEA4E155-EC04-41C9-B847-C85E23633AB3}.Debug|Any CPU.Build.0 = Debug|Any CPU
		{DEA4E155-EC04-41C9-B847-C85E23633AB3}.Release|Any CPU.ActiveCfg = Release|Any CPU
		{DEA4E155-EC04-41C9-B847-C85E23633AB3}.Release|Any CPU.Build.0 = Release|Any CPU
		{598D9EA1-5BCE-46C9-BB9E-DC2C2BEE17DF}.Debug|Any CPU.ActiveCfg = Debug|Any CPU
		{598D9EA1-5BCE-46C9-BB9E-DC2C2BEE17DF}.Debug|Any CPU.Build.0 = Debug|Any CPU
		{598D9EA1-5BCE-46C9-BB9E-DC2C2BEE17DF}.Release|Any CPU.ActiveCfg = Release|Any CPU
		{598D9EA1-5BCE-46C9-BB9E-DC2C2BEE17DF}.Release|Any CPU.Build.0 = Release|Any CPU
	EndGlobalSection
	GlobalSection(SolutionProperties) = preSolution
		HideSolutionNode = FALSE
	EndGlobalSection
	GlobalSection(ExtensibilityGlobals) = postSolution
		SolutionGuid = {AA534E17-ADCB-4EF0-88F3-ADAE86B0E1A5}
	EndGlobalSection
EndGlobal
